// !$*UTF8*$!
{
	archiveVersion = 1;
	classes = {
	};
	objectVersion = 55;
	objects = {

/* Begin PBXBuildFile section */
		D2979E7B29202E790066FC0E /* RegisterViewController.swift in Sources */ = {isa = PBXBuildFile; fileRef = D2979E7A29202E790066FC0E /* RegisterViewController.swift */; };
		D2979E7D29202E8A0066FC0E /* LoginViewController.swift in Sources */ = {isa = PBXBuildFile; fileRef = D2979E7C29202E8A0066FC0E /* LoginViewController.swift */; };
		D2979E7F29202EA40066FC0E /* ChatViewController.swift in Sources */ = {isa = PBXBuildFile; fileRef = D2979E7E29202EA40066FC0E /* ChatViewController.swift */; };
		D2979E81292050B00066FC0E /* GoogleService-Info.plist in Resources */ = {isa = PBXBuildFile; fileRef = D2979E80292050B00066FC0E /* GoogleService-Info.plist */; };
		D29D50C829217708000DAE1A /* Mesaage.swift in Sources */ = {isa = PBXBuildFile; fileRef = D29D50C729217708000DAE1A /* Mesaage.swift */; };
		D29D50CB29218822000DAE1A /* MessageCell.swift in Sources */ = {isa = PBXBuildFile; fileRef = D29D50C929218821000DAE1A /* MessageCell.swift */; };
		D29D50CC29218822000DAE1A /* MessageCell.xib in Resources */ = {isa = PBXBuildFile; fileRef = D29D50CA29218821000DAE1A /* MessageCell.xib */; };
		D29D50D229227B12000DAE1A /* IQKeyboardManagerSwift in Frameworks */ = {isa = PBXBuildFile; productRef = D29D50D129227B12000DAE1A /* IQKeyboardManagerSwift */; };
		D2F1BB2229202D740041F0B7 /* AppDelegate.swift in Sources */ = {isa = PBXBuildFile; fileRef = D2F1BB2129202D740041F0B7 /* AppDelegate.swift */; };
		D2F1BB2429202D740041F0B7 /* SceneDelegate.swift in Sources */ = {isa = PBXBuildFile; fileRef = D2F1BB2329202D740041F0B7 /* SceneDelegate.swift */; };
		D2F1BB2629202D740041F0B7 /* ViewController.swift in Sources */ = {isa = PBXBuildFile; fileRef = D2F1BB2529202D740041F0B7 /* ViewController.swift */; };
		D2F1BB2929202D740041F0B7 /* Main.storyboard in Resources */ = {isa = PBXBuildFile; fileRef = D2F1BB2729202D740041F0B7 /* Main.storyboard */; };
		D2F1BB2B29202D740041F0B7 /* Assets.xcassets in Resources */ = {isa = PBXBuildFile; fileRef = D2F1BB2A29202D740041F0B7 /* Assets.xcassets */; };
		D2F1BB2E29202D740041F0B7 /* LaunchScreen.storyboard in Resources */ = {isa = PBXBuildFile; fileRef = D2F1BB2C29202D740041F0B7 /* LaunchScreen.storyboard */; };
		F9862DB8FB8899F20BE74ED5 /* Pods_ChatApp.framework in Frameworks */ = {isa = PBXBuildFile; fileRef = 07C79EF0FA592BAD28B5DD48 /* Pods_ChatApp.framework */; };
/* End PBXBuildFile section */

/* Begin PBXFileReference section */
		0215224503750018A5931CB1 /* Pods-ChatApp.release.xcconfig */ = {isa = PBXFileReference; includeInIndex = 1; lastKnownFileType = text.xcconfig; name = "Pods-ChatApp.release.xcconfig"; path = "Target Support Files/Pods-ChatApp/Pods-ChatApp.release.xcconfig"; sourceTree = "<group>"; };
		07C79EF0FA592BAD28B5DD48 /* Pods_ChatApp.framework */ = {isa = PBXFileReference; explicitFileType = wrapper.framework; includeInIndex = 0; path = Pods_ChatApp.framework; sourceTree = BUILT_PRODUCTS_DIR; };
		B89C8A4ADCE7C347AB03228A /* Pods-ChatApp.debug.xcconfig */ = {isa = PBXFileReference; includeInIndex = 1; lastKnownFileType = text.xcconfig; name = "Pods-ChatApp.debug.xcconfig"; path = "Target Support Files/Pods-ChatApp/Pods-ChatApp.debug.xcconfig"; sourceTree = "<group>"; };
		D2979E7A29202E790066FC0E /* RegisterViewController.swift */ = {isa = PBXFileReference; lastKnownFileType = sourcecode.swift; path = RegisterViewController.swift; sourceTree = "<group>"; };
		D2979E7C29202E8A0066FC0E /* LoginViewController.swift */ = {isa = PBXFileReference; lastKnownFileType = sourcecode.swift; path = LoginViewController.swift; sourceTree = "<group>"; };
		D2979E7E29202EA40066FC0E /* ChatViewController.swift */ = {isa = PBXFileReference; lastKnownFileType = sourcecode.swift; path = ChatViewController.swift; sourceTree = "<group>"; };
		D2979E80292050B00066FC0E /* GoogleService-Info.plist */ = {isa = PBXFileReference; fileEncoding = 4; lastKnownFileType = text.plist.xml; path = "GoogleService-Info.plist"; sourceTree = "<group>"; };
		D2979E8729205E5F0066FC0E /* ChatApp.app */ = {isa = PBXFileReference; explicitFileType = wrapper.application; includeInIndex = 0; path = ChatApp.app; sourceTree = BUILT_PRODUCTS_DIR; };
		D29D50C729217708000DAE1A /* Mesaage.swift */ = {isa = PBXFileReference; lastKnownFileType = sourcecode.swift; path = Mesaage.swift; sourceTree = "<group>"; };
		D29D50C929218821000DAE1A /* MessageCell.swift */ = {isa = PBXFileReference; lastKnownFileType = sourcecode.swift; path = MessageCell.swift; sourceTree = "<group>"; };
		D29D50CA29218821000DAE1A /* MessageCell.xib */ = {isa = PBXFileReference; lastKnownFileType = file.xib; path = MessageCell.xib; sourceTree = "<group>"; };
		D2F1BB2129202D740041F0B7 /* AppDelegate.swift */ = {isa = PBXFileReference; lastKnownFileType = sourcecode.swift; path = AppDelegate.swift; sourceTree = "<group>"; };
		D2F1BB2329202D740041F0B7 /* SceneDelegate.swift */ = {isa = PBXFileReference; lastKnownFileType = sourcecode.swift; path = SceneDelegate.swift; sourceTree = "<group>"; };
		D2F1BB2529202D740041F0B7 /* ViewController.swift */ = {isa = PBXFileReference; lastKnownFileType = sourcecode.swift; path = ViewController.swift; sourceTree = "<group>"; };
		D2F1BB2829202D740041F0B7 /* Base */ = {isa = PBXFileReference; lastKnownFileType = file.storyboard; name = Base; path = Base.lproj/Main.storyboard; sourceTree = "<group>"; };
		D2F1BB2A29202D740041F0B7 /* Assets.xcassets */ = {isa = PBXFileReference; lastKnownFileType = folder.assetcatalog; path = Assets.xcassets; sourceTree = "<group>"; };
		D2F1BB2D29202D740041F0B7 /* Base */ = {isa = PBXFileReference; lastKnownFileType = file.storyboard; name = Base; path = Base.lproj/LaunchScreen.storyboard; sourceTree = "<group>"; };
		D2F1BB2F29202D740041F0B7 /* Info.plist */ = {isa = PBXFileReference; lastKnownFileType = text.plist.xml; path = Info.plist; sourceTree = "<group>"; };
/* End PBXFileReference section */

/* Begin PBXFrameworksBuildPhase section */
		D2F1BB1B29202D740041F0B7 /* Frameworks */ = {
			isa = PBXFrameworksBuildPhase;
			buildActionMask = 2147483647;
			files = (
				F9862DB8FB8899F20BE74ED5 /* Pods_ChatApp.framework in Frameworks */,
				D29D50D229227B12000DAE1A /* IQKeyboardManagerSwift in Frameworks */,
			);
			runOnlyForDeploymentPostprocessing = 0;
		};
/* End PBXFrameworksBuildPhase section */

/* Begin PBXGroup section */
		16F6254BB1511FCBE1783B5D /* Pods */ = {
			isa = PBXGroup;
			children = (
				B89C8A4ADCE7C347AB03228A /* Pods-ChatApp.debug.xcconfig */,
				0215224503750018A5931CB1 /* Pods-ChatApp.release.xcconfig */,
			);
			path = Pods;
			sourceTree = "<group>";
		};
		D2979E7729202DDC0066FC0E /* Model */ = {
			isa = PBXGroup;
			children = (
				D29D50C729217708000DAE1A /* Mesaage.swift */,
			);
			path = Model;
			sourceTree = "<group>";
		};
		D2979E7829202DDF0066FC0E /* View */ = {
			isa = PBXGroup;
			children = (
				D2F1BB2729202D740041F0B7 /* Main.storyboard */,
				D29D50C929218821000DAE1A /* MessageCell.swift */,
				D29D50CA29218821000DAE1A /* MessageCell.xib */,
			);
			path = View;
			sourceTree = "<group>";
		};
		D2979E7929202DE20066FC0E /* Controller */ = {
			isa = PBXGroup;
			children = (
				D2F1BB2529202D740041F0B7 /* ViewController.swift */,
				D2979E7A29202E790066FC0E /* RegisterViewController.swift */,
				D2979E7C29202E8A0066FC0E /* LoginViewController.swift */,
				D2979E7E29202EA40066FC0E /* ChatViewController.swift */,
			);
			path = Controller;
			sourceTree = "<group>";
		};
		D2F1BB1529202D740041F0B7 = {
			isa = PBXGroup;
			children = (
				D2F1BB2029202D740041F0B7 /* ChatApp */,
				16F6254BB1511FCBE1783B5D /* Pods */,
				FA44E045C51616537345A010 /* Frameworks */,
				D2979E8729205E5F0066FC0E /* ChatApp.app */,
			);
			sourceTree = "<group>";
		};
		D2F1BB2029202D740041F0B7 /* ChatApp */ = {
			isa = PBXGroup;
			children = (
				D2F1BB2129202D740041F0B7 /* AppDelegate.swift */,
				D2F1BB2329202D740041F0B7 /* SceneDelegate.swift */,
				D2979E7729202DDC0066FC0E /* Model */,
				D2979E7829202DDF0066FC0E /* View */,
				D2979E7929202DE20066FC0E /* Controller */,
				D2F1BB2A29202D740041F0B7 /* Assets.xcassets */,
				D2F1BB2C29202D740041F0B7 /* LaunchScreen.storyboard */,
				D2F1BB2F29202D740041F0B7 /* Info.plist */,
				D2979E80292050B00066FC0E /* GoogleService-Info.plist */,
			);
			path = ChatApp;
			sourceTree = "<group>";
		};
		FA44E045C51616537345A010 /* Frameworks */ = {
			isa = PBXGroup;
			children = (
				07C79EF0FA592BAD28B5DD48 /* Pods_ChatApp.framework */,
			);
			name = Frameworks;
			sourceTree = "<group>";
		};
/* End PBXGroup section */

/* Begin PBXNativeTarget section */
		D2F1BB1D29202D740041F0B7 /* ChatApp */ = {
			isa = PBXNativeTarget;
			buildConfigurationList = D2F1BB3229202D740041F0B7 /* Build configuration list for PBXNativeTarget "ChatApp" */;
			buildPhases = (
				74DFD49CC5552124002A507F /* [CP] Check Pods Manifest.lock */,
				D2F1BB1A29202D740041F0B7 /* Sources */,
				D2F1BB1B29202D740041F0B7 /* Frameworks */,
				D2F1BB1C29202D740041F0B7 /* Resources */,
				A59FDA2174518483F09576BE /* [CP] Embed Pods Frameworks */,
			);
			buildRules = (
			);
			dependencies = (
			);
			name = ChatApp;
			packageProductDependencies = (
				D29D50D129227B12000DAE1A /* IQKeyboardManagerSwift */,
			);
			productName = ChatApp;
			productReference = D2979E8729205E5F0066FC0E /* ChatApp.app */;
			productType = "com.apple.product-type.application";
		};
/* End PBXNativeTarget section */

/* Begin PBXProject section */
		D2F1BB1629202D740041F0B7 /* Project object */ = {
			isa = PBXProject;
			attributes = {
				BuildIndependentTargetsInParallel = 1;
				LastSwiftUpdateCheck = 1320;
				LastUpgradeCheck = 1320;
				TargetAttributes = {
					D2F1BB1D29202D740041F0B7 = {
						CreatedOnToolsVersion = 13.2.1;
					};
				};
			};
			buildConfigurationList = D2F1BB1929202D740041F0B7 /* Build configuration list for PBXProject "ChatApp" */;
			compatibilityVersion = "Xcode 13.0";
			developmentRegion = en;
			hasScannedForEncodings = 0;
			knownRegions = (
				en,
				Base,
			);
			mainGroup = D2F1BB1529202D740041F0B7;
			packageReferences = (
				D29D50D029227B12000DAE1A /* XCRemoteSwiftPackageReference "IQKeyboardManager" */,
			);
			productRefGroup = D2F1BB1529202D740041F0B7;
			projectDirPath = "";
			projectRoot = "";
			targets = (
				D2F1BB1D29202D740041F0B7 /* ChatApp */,
			);
		};
/* End PBXProject section */

/* Begin PBXResourcesBuildPhase section */
		D2F1BB1C29202D740041F0B7 /* Resources */ = {
			isa = PBXResourcesBuildPhase;
			buildActionMask = 2147483647;
			files = (
				D2F1BB2E29202D740041F0B7 /* LaunchScreen.storyboard in Resources */,
				D29D50CC29218822000DAE1A /* MessageCell.xib in Resources */,
				D2979E81292050B00066FC0E /* GoogleService-Info.plist in Resources */,
				D2F1BB2B29202D740041F0B7 /* Assets.xcassets in Resources */,
				D2F1BB2929202D740041F0B7 /* Main.storyboard in Resources */,
			);
			runOnlyForDeploymentPostprocessing = 0;
		};
/* End PBXResourcesBuildPhase section */

/* Begin PBXShellScriptBuildPhase section */
		74DFD49CC5552124002A507F /* [CP] Check Pods Manifest.lock */ = {
			isa = PBXShellScriptBuildPhase;
			buildActionMask = 2147483647;
			files = (
			);
			inputFileListPaths = (
			);
			inputPaths = (
				"${PODS_PODFILE_DIR_PATH}/Podfile.lock",
				"${PODS_ROOT}/Manifest.lock",
			);
			name = "[CP] Check Pods Manifest.lock";
			outputFileListPaths = (
			);
			outputPaths = (
				"$(DERIVED_FILE_DIR)/Pods-ChatApp-checkManifestLockResult.txt",
			);
			runOnlyForDeploymentPostprocessing = 0;
			shellPath = /bin/sh;
			shellScript = "diff \"${PODS_PODFILE_DIR_PATH}/Podfile.lock\" \"${PODS_ROOT}/Manifest.lock\" > /dev/null\nif [ $? != 0 ] ; then\n    # print error to STDERR\n    echo \"error: The sandbox is not in sync with the Podfile.lock. Run 'pod install' or update your CocoaPods installation.\" >&2\n    exit 1\nfi\n# This output is used by Xcode 'outputs' to avoid re-running this script phase.\necho \"SUCCESS\" > \"${SCRIPT_OUTPUT_FILE_0}\"\n";
			showEnvVarsInLog = 0;
		};
		A59FDA2174518483F09576BE /* [CP] Embed Pods Frameworks */ = {
			isa = PBXShellScriptBuildPhase;
			buildActionMask = 2147483647;
			files = (
			);
			inputFileListPaths = (
				"${PODS_ROOT}/Target Support Files/Pods-ChatApp/Pods-ChatApp-frameworks-${CONFIGURATION}-input-files.xcfilelist",
			);
			name = "[CP] Embed Pods Frameworks";
			outputFileListPaths = (
				"${PODS_ROOT}/Target Support Files/Pods-ChatApp/Pods-ChatApp-frameworks-${CONFIGURATION}-output-files.xcfilelist",
			);
			runOnlyForDeploymentPostprocessing = 0;
			shellPath = /bin/sh;
			shellScript = "\"${PODS_ROOT}/Target Support Files/Pods-ChatApp/Pods-ChatApp-frameworks.sh\"\n";
			showEnvVarsInLog = 0;
		};
/* End PBXShellScriptBuildPhase section */

/* Begin PBXSourcesBuildPhase section */
		D2F1BB1A29202D740041F0B7 /* Sources */ = {
			isa = PBXSourcesBuildPhase;
			buildActionMask = 2147483647;
			files = (
				D2F1BB2629202D740041F0B7 /* ViewController.swift in Sources */,
				D29D50CB29218822000DAE1A /* MessageCell.swift in Sources */,
				D2F1BB2229202D740041F0B7 /* AppDelegate.swift in Sources */,
				D2F1BB2429202D740041F0B7 /* SceneDelegate.swift in Sources */,
				D29D50C829217708000DAE1A /* Mesaage.swift in Sources */,
				D2979E7D29202E8A0066FC0E /* LoginViewController.swift in Sources */,
				D2979E7F29202EA40066FC0E /* ChatViewController.swift in Sources */,
				D2979E7B29202E790066FC0E /* RegisterViewController.swift in Sources */,
			);
			runOnlyForDeploymentPostprocessing = 0;
		};
/* End PBXSourcesBuildPhase section */

/* Begin PBXVariantGroup section */
		D2F1BB2729202D740041F0B7 /* Main.storyboard */ = {
			isa = PBXVariantGroup;
			children = (
				D2F1BB2829202D740041F0B7 /* Base */,
			);
			name = Main.storyboard;
			sourceTree = "<group>";
		};
		D2F1BB2C29202D740041F0B7 /* LaunchScreen.storyboard */ = {
			isa = PBXVariantGroup;
			children = (
				D2F1BB2D29202D740041F0B7 /* Base */,
			);
			name = LaunchScreen.storyboard;
			sourceTree = "<group>";
		};
/* End PBXVariantGroup section */

/* Begin XCBuildConfiguration section */
		D2F1BB3029202D740041F0B7 /* Debug */ = {
			isa = XCBuildConfiguration;
			buildSettings = {
				ALWAYS_SEARCH_USER_PATHS = NO;
				CLANG_ANALYZER_NONNULL = YES;
				CLANG_ANALYZER_NUMBER_OBJECT_CONVERSION = YES_AGGRESSIVE;
				CLANG_CXX_LANGUAGE_STANDARD = "gnu++17";
				CLANG_CXX_LIBRARY = "libc++";
				CLANG_ENABLE_MODULES = YES;
				CLANG_ENABLE_OBJC_ARC = YES;
				CLANG_ENABLE_OBJC_WEAK = YES;
				CLANG_WARN_BLOCK_CAPTURE_AUTORELEASING = YES;
				CLANG_WARN_BOOL_CONVERSION = YES;
				CLANG_WARN_COMMA = YES;
				CLANG_WARN_CONSTANT_CONVERSION = YES;
				CLANG_WARN_DEPRECATED_OBJC_IMPLEMENTATIONS = YES;
				CLANG_WARN_DIRECT_OBJC_ISA_USAGE = YES_ERROR;
				CLANG_WARN_DOCUMENTATION_COMMENTS = YES;
				CLANG_WARN_EMPTY_BODY = YES;
				CLANG_WARN_ENUM_CONVERSION = YES;
				CLANG_WARN_INFINITE_RECURSION = YES;
				CLANG_WARN_INT_CONVERSION = YES;
				CLANG_WARN_NON_LITERAL_NULL_CONVERSION = YES;
				CLANG_WARN_OBJC_IMPLICIT_RETAIN_SELF = YES;
				CLANG_WARN_OBJC_LITERAL_CONVERSION = YES;
				CLANG_WARN_OBJC_ROOT_CLASS = YES_ERROR;
				CLANG_WARN_QUOTED_INCLUDE_IN_FRAMEWORK_HEADER = YES;
				CLANG_WARN_RANGE_LOOP_ANALYSIS = YES;
				CLANG_WARN_STRICT_PROTOTYPES = YES;
				CLANG_WARN_SUSPICIOUS_MOVE = YES;
				CLANG_WARN_UNGUARDED_AVAILABILITY = YES_AGGRESSIVE;
				CLANG_WARN_UNREACHABLE_CODE = YES;
				CLANG_WARN__DUPLICATE_METHOD_MATCH = YES;
				COPY_PHASE_STRIP = NO;
				DEBUG_INFORMATION_FORMAT = dwarf;
				ENABLE_STRICT_OBJC_MSGSEND = YES;
				ENABLE_TESTABILITY = YES;
				GCC_C_LANGUAGE_STANDARD = gnu11;
				GCC_DYNAMIC_NO_PIC = NO;
				GCC_NO_COMMON_BLOCKS = YES;
				GCC_OPTIMIZATION_LEVEL = 0;
				GCC_PREPROCESSOR_DEFINITIONS = (
					"DEBUG=1",
					"$(inherited)",
				);
				GCC_WARN_64_TO_32_BIT_CONVERSION = YES;
				GCC_WARN_ABOUT_RETURN_TYPE = YES_ERROR;
				GCC_WARN_UNDECLARED_SELECTOR = YES;
				GCC_WARN_UNINITIALIZED_AUTOS = YES_AGGRESSIVE;
				GCC_WARN_UNUSED_FUNCTION = YES;
				GCC_WARN_UNUSED_VARIABLE = YES;
				IPHONEOS_DEPLOYMENT_TARGET = 15.2;
				MTL_ENABLE_DEBUG_INFO = INCLUDE_SOURCE;
				MTL_FAST_MATH = YES;
				ONLY_ACTIVE_ARCH = YES;
				SDKROOT = iphoneos;
				SWIFT_ACTIVE_COMPILATION_CONDITIONS = DEBUG;
				SWIFT_OPTIMIZATION_LEVEL = "-Onone";
			};
			name = Debug;
		};
		D2F1BB3129202D740041F0B7 /* Release */ = {
			isa = XCBuildConfiguration;
			buildSettings = {
				ALWAYS_SEARCH_USER_PATHS = NO;
				CLANG_ANALYZER_NONNULL = YES;
				CLANG_ANALYZER_NUMBER_OBJECT_CONVERSION = YES_AGGRESSIVE;
				CLANG_CXX_LANGUAGE_STANDARD = "gnu++17";
				CLANG_CXX_LIBRARY = "libc++";
				CLANG_ENABLE_MODULES = YES;
				CLANG_ENABLE_OBJC_ARC = YES;
				CLANG_ENABLE_OBJC_WEAK = YES;
				CLANG_WARN_BLOCK_CAPTURE_AUTORELEASING = YES;
				CLANG_WARN_BOOL_CONVERSION = YES;
				CLANG_WARN_COMMA = YES;
				CLANG_WARN_CONSTANT_CONVERSION = YES;
				CLANG_WARN_DEPRECATED_OBJC_IMPLEMENTATIONS = YES;
				CLANG_WARN_DIRECT_OBJC_ISA_USAGE = YES_ERROR;
				CLANG_WARN_DOCUMENTATION_COMMENTS = YES;
				CLANG_WARN_EMPTY_BODY = YES;
				CLANG_WARN_ENUM_CONVERSION = YES;
				CLANG_WARN_INFINITE_RECURSION = YES;
				CLANG_WARN_INT_CONVERSION = YES;
				CLANG_WARN_NON_LITERAL_NULL_CONVERSION = YES;
				CLANG_WARN_OBJC_IMPLICIT_RETAIN_SELF = YES;
				CLANG_WARN_OBJC_LITERAL_CONVERSION = YES;
				CLANG_WARN_OBJC_ROOT_CLASS = YES_ERROR;
				CLANG_WARN_QUOTED_INCLUDE_IN_FRAMEWORK_HEADER = YES;
				CLANG_WARN_RANGE_LOOP_ANALYSIS = YES;
				CLANG_WARN_STRICT_PROTOTYPES = YES;
				CLANG_WARN_SUSPICIOUS_MOVE = YES;
				CLANG_WARN_UNGUARDED_AVAILABILITY = YES_AGGRESSIVE;
				CLANG_WARN_UNREACHABLE_CODE = YES;
				CLANG_WARN__DUPLICATE_METHOD_MATCH = YES;
				COPY_PHASE_STRIP = NO;
				DEBUG_INFORMATION_FORMAT = "dwarf-with-dsym";
				ENABLE_NS_ASSERTIONS = NO;
				ENABLE_STRICT_OBJC_MSGSEND = YES;
				GCC_C_LANGUAGE_STANDARD = gnu11;
				GCC_NO_COMMON_BLOCKS = YES;
				GCC_WARN_64_TO_32_BIT_CONVERSION = YES;
				GCC_WARN_ABOUT_RETURN_TYPE = YES_ERROR;
				GCC_WARN_UNDECLARED_SELECTOR = YES;
				GCC_WARN_UNINITIALIZED_AUTOS = YES_AGGRESSIVE;
				GCC_WARN_UNUSED_FUNCTION = YES;
				GCC_WARN_UNUSED_VARIABLE = YES;
				IPHONEOS_DEPLOYMENT_TARGET = 15.2;
				MTL_ENABLE_DEBUG_INFO = NO;
				MTL_FAST_MATH = YES;
				SDKROOT = iphoneos;
				SWIFT_COMPILATION_MODE = wholemodule;
				SWIFT_OPTIMIZATION_LEVEL = "-O";
				VALIDATE_PRODUCT = YES;
			};
			name = Release;
		};
		D2F1BB3329202D740041F0B7 /* Debug */ = {
			isa = XCBuildConfiguration;
			baseConfigurationReference = B89C8A4ADCE7C347AB03228A /* Pods-ChatApp.debug.xcconfig */;
			buildSettings = {
				ASSETCATALOG_COMPILER_APPICON_NAME = AppIcon;
				ASSETCATALOG_COMPILER_GLOBAL_ACCENT_COLOR_NAME = AccentColor;
				CODE_SIGN_STYLE = Automatic;
				CURRENT_PROJECT_VERSION = 1;
				DEVELOPMENT_TEAM = P4GT7USU74;
				GENERATE_INFOPLIST_FILE = YES;
				INFOPLIST_FILE = ChatApp/Info.plist;
				INFOPLIST_KEY_UIApplicationSupportsIndirectInputEvents = YES;
				INFOPLIST_KEY_UILaunchStoryboardName = LaunchScreen;
				INFOPLIST_KEY_UIMainStoryboardFile = Main;
				INFOPLIST_KEY_UISupportedInterfaceOrientations_iPad = "UIInterfaceOrientationPortrait UIInterfaceOrientationPortraitUpsideDown UIInterfaceOrientationLandscapeLeft UIInterfaceOrientationLandscapeRight";
				INFOPLIST_KEY_UISupportedInterfaceOrientations_iPhone = "UIInterfaceOrientationPortrait UIInterfaceOrientationLandscapeLeft UIInterfaceOrientationLandscapeRight";
				IPHONEOS_DEPLOYMENT_TARGET = 13.0;
				LD_RUNPATH_SEARCH_PATHS = (
					"$(inherited)",
					"@executable_path/Frameworks",
				);
				MARKETING_VERSION = 1.0;
				PRODUCT_BUNDLE_IDENTIFIER = com.kamilcal.ChatApp;
				PRODUCT_NAME = "$(TARGET_NAME)";
				SWIFT_EMIT_LOC_STRINGS = YES;
				SWIFT_VERSION = 5.0;
				TARGETED_DEVICE_FAMILY = "1,2";
			};
			name = Debug;
		};
		D2F1BB3429202D740041F0B7 /* Release */ = {
			isa = XCBuildConfiguration;
			baseConfigurationReference = 0215224503750018A5931CB1 /* Pods-ChatApp.release.xcconfig */;
			buildSettings = {
				ASSETCATALOG_COMPILER_APPICON_NAME = AppIcon;
				ASSETCATALOG_COMPILER_GLOBAL_ACCENT_COLOR_NAME = AccentColor;
				CODE_SIGN_STYLE = Automatic;
				CURRENT_PROJECT_VERSION = 1;
				DEVELOPMENT_TEAM = P4GT7USU74;
				GENERATE_INFOPLIST_FILE = YES;
				INFOPLIST_FILE = ChatApp/Info.plist;
				INFOPLIST_KEY_UIApplicationSupportsIndirectInputEvents = YES;
				INFOPLIST_KEY_UILaunchStoryboardName = LaunchScreen;
				INFOPLIST_KEY_UIMainStoryboardFile = Main;
				INFOPLIST_KEY_UISupportedInterfaceOrientations_iPad = "UIInterfaceOrientationPortrait UIInterfaceOrientationPortraitUpsideDown UIInterfaceOrientationLandscapeLeft UIInterfaceOrientationLandscapeRight";
				INFOPLIST_KEY_UISupportedInterfaceOrientations_iPhone = "UIInterfaceOrientationPortrait UIInterfaceOrientationLandscapeLeft UIInterfaceOrientationLandscapeRight";
				IPHONEOS_DEPLOYMENT_TARGET = 13.0;
				LD_RUNPATH_SEARCH_PATHS = (
					"$(inherited)",
					"@executable_path/Frameworks",
				);
				MARKETING_VERSION = 1.0;
				PRODUCT_BUNDLE_IDENTIFIER = com.kamilcal.ChatApp;
				PRODUCT_NAME = "$(TARGET_NAME)";
				SWIFT_EMIT_LOC_STRINGS = YES;
				SWIFT_VERSION = 5.0;
				TARGETED_DEVICE_FAMILY = "1,2";
			};
			name = Release;
		};
/* End XCBuildConfiguration section */

/* Begin XCConfigurationList section */
		D2F1BB1929202D740041F0B7 /* Build configuration list for PBXProject "ChatApp" */ = {
			isa = XCConfigurationList;
			buildConfigurations = (
				D2F1BB3029202D740041F0B7 /* Debug */,
				D2F1BB3129202D740041F0B7 /* Release */,
			);
			defaultConfigurationIsVisible = 0;
			defaultConfigurationName = Release;
		};
		D2F1BB3229202D740041F0B7 /* Build configuration list for PBXNativeTarget "ChatApp" */ = {
			isa = XCConfigurationList;
			buildConfigurations = (
				D2F1BB3329202D740041F0B7 /* Debug */,
				D2F1BB3429202D740041F0B7 /* Release */,
			);
			defaultConfigurationIsVisible = 0;
			defaultConfigurationName = Release;
		};
/* End XCConfigurationList section */

/* Begin XCRemoteSwiftPackageReference section */
		D29D50D029227B12000DAE1A /* XCRemoteSwiftPackageReference "IQKeyboardManager" */ = {
			isa = XCRemoteSwiftPackageReference;
			repositoryURL = "https://github.com/hackiftekhar/IQKeyboardManager";
			requirement = {
				branch = master;
				kind = branch;
			};
		};
/* End XCRemoteSwiftPackageReference section */

/* Begin XCSwiftPackageProductDependency section */
		D29D50D129227B12000DAE1A /* IQKeyboardManagerSwift */ = {
			isa = XCSwiftPackageProductDependency;
			package = D29D50D029227B12000DAE1A /* XCRemoteSwiftPackageReference "IQKeyboardManager" */;
			productName = IQKeyboardManagerSwift;
		};
/* End XCSwiftPackageProductDependency section */
	};
	rootObject = D2F1BB1629202D740041F0B7 /* Project object */;
}
